
Microsoft Visual Studio Solution File, Format Version 12.00
# Visual Studio Version 17
VisualStudioVersion = 17.10.35004.147
MinimumVisualStudioVersion = 10.0.40219.1
Project("{9A19103F-16F7-4668-BE54-9A1E7A4F7556}") = "ExposedOpeningCalculator", "ExposedOpeningCalculator\ExposedOpeningCalculator.csproj", "{1F77C109-B1F5-4986-8838-6220267CC540}"
EndProject
Project("{9A19103F-16F7-4668-BE54-9A1E7A4F7556}") = "RevitAddIn_ExposedOpeningCalc", "RevitAddIn_ExposedOpeningCalc\RevitAddIn_ExposedOpeningCalc.csproj", "{66C3B1D6-95D0-4D09-8A79-32CB78D370AF}"
EndProject
Project("{FAE04EC0-301F-11D3-BF4B-00C04F79EFBC}") = "ExposedOpeningCalculator.UnitTests", "ExposedOpeningCalculator_UnitTests\ExposedOpeningCalculator.UnitTests.csproj", "{7F57FCEA-31F1-4C0E-85C9-950136FC1141}"
	ProjectSection(ProjectDependencies) = postProject
		{1F77C109-B1F5-4986-8838-6220267CC540} = {1F77C109-B1F5-4986-8838-6220267CC540}
	EndProjectSection
EndProject
Global
	GlobalSection(SolutionConfigurationPlatforms) = preSolution
		Debug R20|Any CPU = Debug R20|Any CPU
		Debug R21|Any CPU = Debug R21|Any CPU
		Debug R22|Any CPU = Debug R22|Any CPU
		Debug R23|Any CPU = Debug R23|Any CPU
		Debug R24|Any CPU = Debug R24|Any CPU
		Debug R25|Any CPU = Debug R25|Any CPU
		Debug|Any CPU = Debug|Any CPU
		Release R20|Any CPU = Release R20|Any CPU
		Release R21|Any CPU = Release R21|Any CPU
		Release R22|Any CPU = Release R22|Any CPU
		Release R23|Any CPU = Release R23|Any CPU
		Release R24|Any CPU = Release R24|Any CPU
		Release R25|Any CPU = Release R25|Any CPU
		Release|Any CPU = Release|Any CPU
	EndGlobalSection
	GlobalSection(ProjectConfigurationPlatforms) = postSolution
		{1F77C109-B1F5-4986-8838-6220267CC540}.Debug R20|Any CPU.ActiveCfg = Debug|Any CPU
		{1F77C109-B1F5-4986-8838-6220267CC540}.Debug R20|Any CPU.Build.0 = Debug|Any CPU
		{1F77C109-B1F5-4986-8838-6220267CC540}.Debug R21|Any CPU.ActiveCfg = Debug|Any CPU
		{1F77C109-B1F5-4986-8838-6220267CC540}.Debug R21|Any CPU.Build.0 = Debug|Any CPU
		{1F77C109-B1F5-4986-8838-6220267CC540}.Debug R22|Any CPU.ActiveCfg = Debug|Any CPU
		{1F77C109-B1F5-4986-8838-6220267CC540}.Debug R22|Any CPU.Build.0 = Debug|Any CPU
		{1F77C109-B1F5-4986-8838-6220267CC540}.Debug R23|Any CPU.ActiveCfg = Debug|Any CPU
		{1F77C109-B1F5-4986-8838-6220267CC540}.Debug R23|Any CPU.Build.0 = Debug|Any CPU
		{1F77C109-B1F5-4986-8838-6220267CC540}.Debug R24|Any CPU.ActiveCfg = Debug|Any CPU
		{1F77C109-B1F5-4986-8838-6220267CC540}.Debug R24|Any CPU.Build.0 = Debug|Any CPU
		{1F77C109-B1F5-4986-8838-6220267CC540}.Debug R25|Any CPU.ActiveCfg = Debug|Any CPU
		{1F77C109-B1F5-4986-8838-6220267CC540}.Debug R25|Any CPU.Build.0 = Debug|Any CPU
		{1F77C109-B1F5-4986-8838-6220267CC540}.Debug|Any CPU.ActiveCfg = Debug|Any CPU
		{1F77C109-B1F5-4986-8838-6220267CC540}.Debug|Any CPU.Build.0 = Debug|Any CPU
		{1F77C109-B1F5-4986-8838-6220267CC540}.Release R20|Any CPU.ActiveCfg = Release|Any CPU
		{1F77C109-B1F5-4986-8838-6220267CC540}.Release R20|Any CPU.Build.0 = Release|Any CPU
		{1F77C109-B1F5-4986-8838-6220267CC540}.Release R21|Any CPU.ActiveCfg = Release|Any CPU
		{1F77C109-B1F5-4986-8838-6220267CC540}.Release R21|Any CPU.Build.0 = Release|Any CPU
		{1F77C109-B1F5-4986-8838-6220267CC540}.Release R22|Any CPU.ActiveCfg = Release|Any CPU
		{1F77C109-B1F5-4986-8838-6220267CC540}.Release R22|Any CPU.Build.0 = Release|Any CPU
		{1F77C109-B1F5-4986-8838-6220267CC540}.Release R23|Any CPU.ActiveCfg = Release|Any CPU
		{1F77C109-B1F5-4986-8838-6220267CC540}.Release R23|Any CPU.Build.0 = Release|Any CPU
		{1F77C109-B1F5-4986-8838-6220267CC540}.Release R24|Any CPU.ActiveCfg = Release|Any CPU
		{1F77C109-B1F5-4986-8838-6220267CC540}.Release R24|Any CPU.Build.0 = Release|Any CPU
		{1F77C109-B1F5-4986-8838-6220267CC540}.Release R25|Any CPU.ActiveCfg = Release|Any CPU
		{1F77C109-B1F5-4986-8838-6220267CC540}.Release R25|Any CPU.Build.0 = Release|Any CPU
		{1F77C109-B1F5-4986-8838-6220267CC540}.Release|Any CPU.ActiveCfg = Release|Any CPU
		{1F77C109-B1F5-4986-8838-6220267CC540}.Release|Any CPU.Build.0 = Release|Any CPU
		{66C3B1D6-95D0-4D09-8A79-32CB78D370AF}.Debug R20|Any CPU.ActiveCfg = Debug R20|Any CPU
		{66C3B1D6-95D0-4D09-8A79-32CB78D370AF}.Debug R20|Any CPU.Build.0 = Debug R20|Any CPU
		{66C3B1D6-95D0-4D09-8A79-32CB78D370AF}.Debug R21|Any CPU.ActiveCfg = Debug R21|Any CPU
		{66C3B1D6-95D0-4D09-8A79-32CB78D370AF}.Debug R21|Any CPU.Build.0 = Debug R21|Any CPU
		{66C3B1D6-95D0-4D09-8A79-32CB78D370AF}.Debug R22|Any CPU.ActiveCfg = Debug R22|Any CPU
		{66C3B1D6-95D0-4D09-8A79-32CB78D370AF}.Debug R22|Any CPU.Build.0 = Debug R22|Any CPU
		{66C3B1D6-95D0-4D09-8A79-32CB78D370AF}.Debug R23|Any CPU.ActiveCfg = Debug R23|Any CPU
		{66C3B1D6-95D0-4D09-8A79-32CB78D370AF}.Debug R23|Any CPU.Build.0 = Debug R23|Any CPU
		{66C3B1D6-95D0-4D09-8A79-32CB78D370AF}.Debug R24|Any CPU.ActiveCfg = Debug R24|Any CPU
		{66C3B1D6-95D0-4D09-8A79-32CB78D370AF}.Debug R24|Any CPU.Build.0 = Debug R24|Any CPU
		{66C3B1D6-95D0-4D09-8A79-32CB78D370AF}.Debug R25|Any CPU.ActiveCfg = Debug R25|Any CPU
		{66C3B1D6-95D0-4D09-8A79-32CB78D370AF}.Debug R25|Any CPU.Build.0 = Debug R25|Any CPU
		{66C3B1D6-95D0-4D09-8A79-32CB78D370AF}.Debug|Any CPU.ActiveCfg = Debug R20|Any CPU
		{66C3B1D6-95D0-4D09-8A79-32CB78D370AF}.Debug|Any CPU.Build.0 = Debug R20|Any CPU
		{66C3B1D6-95D0-4D09-8A79-32CB78D370AF}.Release R20|Any CPU.ActiveCfg = Release R20|Any CPU
		{66C3B1D6-95D0-4D09-8A79-32CB78D370AF}.Release R20|Any CPU.Build.0 = Release R20|Any CPU
		{66C3B1D6-95D0-4D09-8A79-32CB78D370AF}.Release R21|Any CPU.ActiveCfg = Release R21|Any CPU
		{66C3B1D6-95D0-4D09-8A79-32CB78D370AF}.Release R21|Any CPU.Build.0 = Release R21|Any CPU
		{66C3B1D6-95D0-4D09-8A79-32CB78D370AF}.Release R22|Any CPU.ActiveCfg = Release R22|Any CPU
		{66C3B1D6-95D0-4D09-8A79-32CB78D370AF}.Release R22|Any CPU.Build.0 = Release R22|Any CPU
		{66C3B1D6-95D0-4D09-8A79-32CB78D370AF}.Release R23|Any CPU.ActiveCfg = Release R23|Any CPU
		{66C3B1D6-95D0-4D09-8A79-32CB78D370AF}.Release R23|Any CPU.Build.0 = Release R23|Any CPU
		{66C3B1D6-95D0-4D09-8A79-32CB78D370AF}.Release R24|Any CPU.ActiveCfg = Release R24|Any CPU
		{66C3B1D6-95D0-4D09-8A79-32CB78D370AF}.Release R24|Any CPU.Build.0 = Release R24|Any CPU
		{66C3B1D6-95D0-4D09-8A79-32CB78D370AF}.Release R25|Any CPU.ActiveCfg = Release R25|Any CPU
		{66C3B1D6-95D0-4D09-8A79-32CB78D370AF}.Release R25|Any CPU.Build.0 = Release R25|Any CPU
		{66C3B1D6-95D0-4D09-8A79-32CB78D370AF}.Release|Any CPU.ActiveCfg = Release R20|Any CPU
		{66C3B1D6-95D0-4D09-8A79-32CB78D370AF}.Release|Any CPU.Build.0 = Release R20|Any CPU
		{7F57FCEA-31F1-4C0E-85C9-950136FC1141}.Debug R20|Any CPU.ActiveCfg = Debug|Any CPU
		{7F57FCEA-31F1-4C0E-85C9-950136FC1141}.Debug R20|Any CPU.Build.0 = Debug|Any CPU
		{7F57FCEA-31F1-4C0E-85C9-950136FC1141}.Debug R21|Any CPU.ActiveCfg = Debug|Any CPU
		{7F57FCEA-31F1-4C0E-85C9-950136FC1141}.Debug R21|Any CPU.Build.0 = Debug|Any CPU
		{7F57FCEA-31F1-4C0E-85C9-950136FC1141}.Debug R22|Any CPU.ActiveCfg = Debug|Any CPU
		{7F57FCEA-31F1-4C0E-85C9-950136FC1141}.Debug R22|Any CPU.Build.0 = Debug|Any CPU
		{7F57FCEA-31F1-4C0E-85C9-950136FC1141}.Debug R23|Any CPU.ActiveCfg = Debug|Any CPU
		{7F57FCEA-31F1-4C0E-85C9-950136FC1141}.Debug R23|Any CPU.Build.0 = Debug|Any CPU
		{7F57FCEA-31F1-4C0E-85C9-950136FC1141}.Debug R24|Any CPU.ActiveCfg = Debug|Any CPU
		{7F57FCEA-31F1-4C0E-85C9-950136FC1141}.Debug R24|Any CPU.Build.0 = Debug|Any CPU
		{7F57FCEA-31F1-4C0E-85C9-950136FC1141}.Debug R25|Any CPU.ActiveCfg = Debug|Any CPU
		{7F57FCEA-31F1-4C0E-85C9-950136FC1141}.Debug R25|Any CPU.Build.0 = Debug|Any CPU
		{7F57FCEA-31F1-4C0E-85C9-950136FC1141}.Debug|Any CPU.ActiveCfg = Debug|Any CPU
		{7F57FCEA-31F1-4C0E-85C9-950136FC1141}.Debug|Any CPU.Build.0 = Debug|Any CPU
		{7F57FCEA-31F1-4C0E-85C9-950136FC1141}.Release R20|Any CPU.ActiveCfg = Release|Any CPU
		{7F57FCEA-31F1-4C0E-85C9-950136FC1141}.Release R20|Any CPU.Build.0 = Release|Any CPU
		{7F57FCEA-31F1-4C0E-85C9-950136FC1141}.Release R21|Any CPU.ActiveCfg = Release|Any CPU
		{7F57FCEA-31F1-4C0E-85C9-950136FC1141}.Release R21|Any CPU.Build.0 = Release|Any CPU
		{7F57FCEA-31F1-4C0E-85C9-950136FC1141}.Release R22|Any CPU.ActiveCfg = Release|Any CPU
		{7F57FCEA-31F1-4C0E-85C9-950136FC1141}.Release R22|Any CPU.Build.0 = Release|Any CPU
		{7F57FCEA-31F1-4C0E-85C9-950136FC1141}.Release R23|Any CPU.ActiveCfg = Release|Any CPU
		{7F57FCEA-31F1-4C0E-85C9-950136FC1141}.Release R23|Any CPU.Build.0 = Release|Any CPU
		{7F57FCEA-31F1-4C0E-85C9-950136FC1141}.Release R24|Any CPU.ActiveCfg = Release|Any CPU
		{7F57FCEA-31F1-4C0E-85C9-950136FC1141}.Release R24|Any CPU.Build.0 = Release|Any CPU
		{7F57FCEA-31F1-4C0E-85C9-950136FC1141}.Release R25|Any CPU.ActiveCfg = Release|Any CPU
		{7F57FCEA-31F1-4C0E-85C9-950136FC1141}.Release R25|Any CPU.Build.0 = Release|Any CPU
		{7F57FCEA-31F1-4C0E-85C9-950136FC1141}.Release|Any CPU.ActiveCfg = Release|Any CPU
		{7F57FCEA-31F1-4C0E-85C9-950136FC1141}.Release|Any CPU.Build.0 = Release|Any CPU
	EndGlobalSection
	GlobalSection(SolutionProperties) = preSolution
		HideSolutionNode = FALSE
	EndGlobalSection
	GlobalSection(ExtensibilityGlobals) = postSolution
		SolutionGuid = {9DC3153A-90FD-4C98-86F4-5FEAE72D1D4E}
	EndGlobalSection
EndGlobal
